
Microsoft Visual Studio Solution File, Format Version 12.00
# Visual Studio 15
VisualStudioVersion = 15.0.26114.2
MinimumVisualStudioVersion = 10.0.40219.1
Project("{2150E333-8FDC-42A3-9474-1A3956D46DE8}") = "src", "src", "{C773FDDD-B11B-4379-8A77-C26EBC06FFB8}"
EndProject
Project("{FAE04EC0-301F-11D3-BF4B-00C04F79EFBC}") = "Vulcan.AspNetCoreMvc", "src\Vulcan.AspNetCoreMvc\Vulcan.AspNetCoreMvc.csproj", "{ADBBD52A-1FAC-44AA-AF30-9D52405A0D1B}"
EndProject
Project("{FAE04EC0-301F-11D3-BF4B-00C04F79EFBC}") = "Vulcan.Core", "src\Vulcan.Core\Vulcan.Core.csproj", "{F1AF66E0-4EE4-4BC4-8A34-ACEA02FC4958}"
EndProject
Project("{FAE04EC0-301F-11D3-BF4B-00C04F79EFBC}") = "Vulcan.DataAccess", "src\Vulcan.DataAccess\Vulcan.DataAccess.csproj", "{802140CB-EDAE-4655-97F4-20C61C73E413}"
EndProject
Project("{2150E333-8FDC-42A3-9474-1A3956D46DE8}") = "sample", "sample", "{93226521-46DE-47E0-9B58-2DE743C6D541}"
EndProject
Project("{FAE04EC0-301F-11D3-BF4B-00C04F79EFBC}") = "UUAC.WebApp", "sample\UUAC.WebApp\UUAC.WebApp.csproj", "{9C9D33B3-3108-4BE9-AA77-6C0F9B67D1A5}"
EndProject
Project("{FAE04EC0-301F-11D3-BF4B-00C04F79EFBC}") = "UUAC.Business", "sample\UUAC.Business\UUAC.Business.csproj", "{44E838C0-CE8D-49F4-9BFE-0CF719A1EE3F}"
EndProject
Project("{FAE04EC0-301F-11D3-BF4B-00C04F79EFBC}") = "UUAC.Interface", "sample\UUAC.Interface\UUAC.Interface.csproj", "{A6E10C46-0E57-4BCE-87BF-CAA91979F882}"
EndProject
Project("{FAE04EC0-301F-11D3-BF4B-00C04F79EFBC}") = "UUAC.DataAccess.Mysql", "sample\UUAC.DataAccess.Mysql\UUAC.DataAccess.Mysql.csproj", "{1145E84E-79B7-487E-942B-F0869CC5BF91}"
EndProject
Project("{FAE04EC0-301F-11D3-BF4B-00C04F79EFBC}") = "UUAC.Common", "sample\UUAC.Common\UUAC.Common.csproj", "{48834E1F-7F74-424B-A7B5-6A5BB70D7682}"
EndProject
Project("{FAE04EC0-301F-11D3-BF4B-00C04F79EFBC}") = "UUAC.Entity", "sample\UUAC.Entity\UUAC.Entity.csproj", "{F6EE9F03-9EE5-4D93-94F5-D0D221B9F19C}"
EndProject
Global
	GlobalSection(SolutionConfigurationPlatforms) = preSolution
		Debug|Any CPU = Debug|Any CPU
		Release|Any CPU = Release|Any CPU
	EndGlobalSection
	GlobalSection(ProjectConfigurationPlatforms) = postSolution
		{ADBBD52A-1FAC-44AA-AF30-9D52405A0D1B}.Debug|Any CPU.ActiveCfg = Debug|Any CPU
		{ADBBD52A-1FAC-44AA-AF30-9D52405A0D1B}.Debug|Any CPU.Build.0 = Debug|Any CPU
		{ADBBD52A-1FAC-44AA-AF30-9D52405A0D1B}.Release|Any CPU.ActiveCfg = Release|Any CPU
		{ADBBD52A-1FAC-44AA-AF30-9D52405A0D1B}.Release|Any CPU.Build.0 = Release|Any CPU
		{F1AF66E0-4EE4-4BC4-8A34-ACEA02FC4958}.Debug|Any CPU.ActiveCfg = Debug|Any CPU
		{F1AF66E0-4EE4-4BC4-8A34-ACEA02FC4958}.Debug|Any CPU.Build.0 = Debug|Any CPU
		{F1AF66E0-4EE4-4BC4-8A34-ACEA02FC4958}.Release|Any CPU.ActiveCfg = Release|Any CPU
		{F1AF66E0-4EE4-4BC4-8A34-ACEA02FC4958}.Release|Any CPU.Build.0 = Release|Any CPU
		{802140CB-EDAE-4655-97F4-20C61C73E413}.Debug|Any CPU.ActiveCfg = Debug|Any CPU
		{802140CB-EDAE-4655-97F4-20C61C73E413}.Debug|Any CPU.Build.0 = Debug|Any CPU
		{802140CB-EDAE-4655-97F4-20C61C73E413}.Release|Any CPU.ActiveCfg = Release|Any CPU
		{802140CB-EDAE-4655-97F4-20C61C73E413}.Release|Any CPU.Build.0 = Release|Any CPU
		{9C9D33B3-3108-4BE9-AA77-6C0F9B67D1A5}.Debug|Any CPU.ActiveCfg = Debug|Any CPU
		{9C9D33B3-3108-4BE9-AA77-6C0F9B67D1A5}.Debug|Any CPU.Build.0 = Debug|Any CPU
		{9C9D33B3-3108-4BE9-AA77-6C0F9B67D1A5}.Release|Any CPU.ActiveCfg = Release|Any CPU
		{9C9D33B3-3108-4BE9-AA77-6C0F9B67D1A5}.Release|Any CPU.Build.0 = Release|Any CPU
		{44E838C0-CE8D-49F4-9BFE-0CF719A1EE3F}.Debug|Any CPU.ActiveCfg = Debug|Any CPU
		{44E838C0-CE8D-49F4-9BFE-0CF719A1EE3F}.Debug|Any CPU.Build.0 = Debug|Any CPU
		{44E838C0-CE8D-49F4-9BFE-0CF719A1EE3F}.Release|Any CPU.ActiveCfg = Release|Any CPU
		{44E838C0-CE8D-49F4-9BFE-0CF719A1EE3F}.Release|Any CPU.Build.0 = Release|Any CPU
		{A6E10C46-0E57-4BCE-87BF-CAA91979F882}.Debug|Any CPU.ActiveCfg = Debug|Any CPU
		{A6E10C46-0E57-4BCE-87BF-CAA91979F882}.Debug|Any CPU.Build.0 = Debug|Any CPU
		{A6E10C46-0E57-4BCE-87BF-CAA91979F882}.Release|Any CPU.ActiveCfg = Release|Any CPU
		{A6E10C46-0E57-4BCE-87BF-CAA91979F882}.Release|Any CPU.Build.0 = Release|Any CPU
		{1145E84E-79B7-487E-942B-F0869CC5BF91}.Debug|Any CPU.ActiveCfg = Debug|Any CPU
		{1145E84E-79B7-487E-942B-F0869CC5BF91}.Debug|Any CPU.Build.0 = Debug|Any CPU
		{1145E84E-79B7-487E-942B-F0869CC5BF91}.Release|Any CPU.ActiveCfg = Release|Any CPU
		{1145E84E-79B7-487E-942B-F0869CC5BF91}.Release|Any CPU.Build.0 = Release|Any CPU
		{48834E1F-7F74-424B-A7B5-6A5BB70D7682}.Debug|Any CPU.ActiveCfg = Debug|Any CPU
		{48834E1F-7F74-424B-A7B5-6A5BB70D7682}.Debug|Any CPU.Build.0 = Debug|Any CPU
		{48834E1F-7F74-424B-A7B5-6A5BB70D7682}.Release|Any CPU.ActiveCfg = Release|Any CPU
		{48834E1F-7F74-424B-A7B5-6A5BB70D7682}.Release|Any CPU.Build.0 = Release|Any CPU
		{F6EE9F03-9EE5-4D93-94F5-D0D221B9F19C}.Debug|Any CPU.ActiveCfg = Debug|Any CPU
		{F6EE9F03-9EE5-4D93-94F5-D0D221B9F19C}.Debug|Any CPU.Build.0 = Debug|Any CPU
		{F6EE9F03-9EE5-4D93-94F5-D0D221B9F19C}.Release|Any CPU.ActiveCfg = Release|Any CPU
		{F6EE9F03-9EE5-4D93-94F5-D0D221B9F19C}.Release|Any CPU.Build.0 = Release|Any CPU
	EndGlobalSection
	GlobalSection(SolutionProperties) = preSolution
		HideSolutionNode = FALSE
	EndGlobalSection
	GlobalSection(NestedProjects) = preSolution
		{ADBBD52A-1FAC-44AA-AF30-9D52405A0D1B} = {C773FDDD-B11B-4379-8A77-C26EBC06FFB8}
		{F1AF66E0-4EE4-4BC4-8A34-ACEA02FC4958} = {C773FDDD-B11B-4379-8A77-C26EBC06FFB8}
		{802140CB-EDAE-4655-97F4-20C61C73E413} = {C773FDDD-B11B-4379-8A77-C26EBC06FFB8}
		{9C9D33B3-3108-4BE9-AA77-6C0F9B67D1A5} = {93226521-46DE-47E0-9B58-2DE743C6D541}
		{44E838C0-CE8D-49F4-9BFE-0CF719A1EE3F} = {93226521-46DE-47E0-9B58-2DE743C6D541}
		{A6E10C46-0E57-4BCE-87BF-CAA91979F882} = {93226521-46DE-47E0-9B58-2DE743C6D541}
		{1145E84E-79B7-487E-942B-F0869CC5BF91} = {93226521-46DE-47E0-9B58-2DE743C6D541}
		{48834E1F-7F74-424B-A7B5-6A5BB70D7682} = {93226521-46DE-47E0-9B58-2DE743C6D541}
		{F6EE9F03-9EE5-4D93-94F5-D0D221B9F19C} = {93226521-46DE-47E0-9B58-2DE743C6D541}
	EndGlobalSection
EndGlobal
