
Microsoft Visual Studio Solution File, Format Version 12.00
# Visual Studio 2012
Project("{FAE04EC0-301F-11D3-BF4B-00C04F79EFBC}") = "Vulcan", "src\Vulcan\Vulcan.csproj", "{A6E7D8C3-C5B6-4D2E-9177-A89CB6A0E112}"
EndProject
Project("{FAE04EC0-301F-11D3-BF4B-00C04F79EFBC}") = "Vulcan.Test", "test\Vulcan.Test\Vulcan.Test.csproj", "{95FA61D2-D4FE-4363-BFA2-67533B7B4784}"
EndProject
Global
	GlobalSection(SolutionConfigurationPlatforms) = preSolution
		Debug|Any CPU = Debug|Any CPU
		Release|Any CPU = Release|Any CPU
	EndGlobalSection
	GlobalSection(ProjectConfigurationPlatforms) = postSolution
		{95FA61D2-D4FE-4363-BFA2-67533B7B4784}.Debug|Any CPU.ActiveCfg = Debug|Any CPU
		{95FA61D2-D4FE-4363-BFA2-67533B7B4784}.Debug|Any CPU.Build.0 = Debug|Any CPU
		{95FA61D2-D4FE-4363-BFA2-67533B7B4784}.Release|Any CPU.ActiveCfg = Release|Any CPU
		{95FA61D2-D4FE-4363-BFA2-67533B7B4784}.Release|Any CPU.Build.0 = Release|Any CPU
		{A6E7D8C3-C5B6-4D2E-9177-A89CB6A0E112}.Debug|Any CPU.ActiveCfg = Debug|Any CPU
		{A6E7D8C3-C5B6-4D2E-9177-A89CB6A0E112}.Debug|Any CPU.Build.0 = Debug|Any CPU
		{A6E7D8C3-C5B6-4D2E-9177-A89CB6A0E112}.Release|Any CPU.ActiveCfg = Release|Any CPU
		{A6E7D8C3-C5B6-4D2E-9177-A89CB6A0E112}.Release|Any CPU.Build.0 = Release|Any CPU
	EndGlobalSection
EndGlobal
