
Microsoft Visual Studio Solution File, Format Version 12.00
# Visual Studio Version 16
VisualStudioVersion = 16.0.31702.278
MinimumVisualStudioVersion = 15.0.26124.0
Project("{9A19103F-16F7-4668-BE54-9A1E7A4F7556}") = "Vulcan.DapperExtensions", "src\Vulcan.DapperExtensions\Vulcan.DapperExtensions.csproj", "{941479EB-C32A-4985-9711-845B799F289C}"
EndProject
Project("{9A19103F-16F7-4668-BE54-9A1E7A4F7556}") = "Vulcan.DapperExtensionsUnitTests", "tests\Vulcan.DapperExtensionsUnitTests\Vulcan.DapperExtensionsUnitTests.csproj", "{43DD202B-B7FD-482F-8847-FFA5B0D1B349}"
EndProject
Global
	GlobalSection(SolutionConfigurationPlatforms) = preSolution
		Debug|Any CPU = Debug|Any CPU
		Debug|x64 = Debug|x64
		Debug|x86 = Debug|x86
		MySQLDebug|Any CPU = MySQLDebug|Any CPU
		MySQLDebug|x64 = MySQLDebug|x64
		MySQLDebug|x86 = MySQLDebug|x86
		Release|Any CPU = Release|Any CPU
		Release|x64 = Release|x64
		Release|x86 = Release|x86
	EndGlobalSection
	GlobalSection(ProjectConfigurationPlatforms) = postSolution
		{941479EB-C32A-4985-9711-845B799F289C}.Debug|Any CPU.ActiveCfg = Debug|Any CPU
		{941479EB-C32A-4985-9711-845B799F289C}.Debug|Any CPU.Build.0 = Debug|Any CPU
		{941479EB-C32A-4985-9711-845B799F289C}.Debug|x64.ActiveCfg = Debug|Any CPU
		{941479EB-C32A-4985-9711-845B799F289C}.Debug|x64.Build.0 = Debug|Any CPU
		{941479EB-C32A-4985-9711-845B799F289C}.Debug|x86.ActiveCfg = Debug|Any CPU
		{941479EB-C32A-4985-9711-845B799F289C}.Debug|x86.Build.0 = Debug|Any CPU
		{941479EB-C32A-4985-9711-845B799F289C}.MySQLDebug|Any CPU.ActiveCfg = MySQLDebug|Any CPU
		{941479EB-C32A-4985-9711-845B799F289C}.MySQLDebug|Any CPU.Build.0 = MySQLDebug|Any CPU
		{941479EB-C32A-4985-9711-845B799F289C}.MySQLDebug|x64.ActiveCfg = MySQLDebug|Any CPU
		{941479EB-C32A-4985-9711-845B799F289C}.MySQLDebug|x64.Build.0 = MySQLDebug|Any CPU
		{941479EB-C32A-4985-9711-845B799F289C}.MySQLDebug|x86.ActiveCfg = MySQLDebug|Any CPU
		{941479EB-C32A-4985-9711-845B799F289C}.MySQLDebug|x86.Build.0 = MySQLDebug|Any CPU
		{941479EB-C32A-4985-9711-845B799F289C}.Release|Any CPU.ActiveCfg = Release|Any CPU
		{941479EB-C32A-4985-9711-845B799F289C}.Release|Any CPU.Build.0 = Release|Any CPU
		{941479EB-C32A-4985-9711-845B799F289C}.Release|x64.ActiveCfg = Release|Any CPU
		{941479EB-C32A-4985-9711-845B799F289C}.Release|x64.Build.0 = Release|Any CPU
		{941479EB-C32A-4985-9711-845B799F289C}.Release|x86.ActiveCfg = Release|Any CPU
		{941479EB-C32A-4985-9711-845B799F289C}.Release|x86.Build.0 = Release|Any CPU
		{43DD202B-B7FD-482F-8847-FFA5B0D1B349}.Debug|Any CPU.ActiveCfg = Debug|Any CPU
		{43DD202B-B7FD-482F-8847-FFA5B0D1B349}.Debug|Any CPU.Build.0 = Debug|Any CPU
		{43DD202B-B7FD-482F-8847-FFA5B0D1B349}.Debug|x64.ActiveCfg = Debug|Any CPU
		{43DD202B-B7FD-482F-8847-FFA5B0D1B349}.Debug|x64.Build.0 = Debug|Any CPU
		{43DD202B-B7FD-482F-8847-FFA5B0D1B349}.Debug|x86.ActiveCfg = Debug|Any CPU
		{43DD202B-B7FD-482F-8847-FFA5B0D1B349}.Debug|x86.Build.0 = Debug|Any CPU
		{43DD202B-B7FD-482F-8847-FFA5B0D1B349}.MySQLDebug|Any CPU.ActiveCfg = MySQLDebug|Any CPU
		{43DD202B-B7FD-482F-8847-FFA5B0D1B349}.MySQLDebug|Any CPU.Build.0 = MySQLDebug|Any CPU
		{43DD202B-B7FD-482F-8847-FFA5B0D1B349}.MySQLDebug|x64.ActiveCfg = MySQLDebug|Any CPU
		{43DD202B-B7FD-482F-8847-FFA5B0D1B349}.MySQLDebug|x64.Build.0 = MySQLDebug|Any CPU
		{43DD202B-B7FD-482F-8847-FFA5B0D1B349}.MySQLDebug|x86.ActiveCfg = MySQLDebug|Any CPU
		{43DD202B-B7FD-482F-8847-FFA5B0D1B349}.MySQLDebug|x86.Build.0 = MySQLDebug|Any CPU
		{43DD202B-B7FD-482F-8847-FFA5B0D1B349}.Release|Any CPU.ActiveCfg = Release|Any CPU
		{43DD202B-B7FD-482F-8847-FFA5B0D1B349}.Release|Any CPU.Build.0 = Release|Any CPU
		{43DD202B-B7FD-482F-8847-FFA5B0D1B349}.Release|x64.ActiveCfg = Release|Any CPU
		{43DD202B-B7FD-482F-8847-FFA5B0D1B349}.Release|x64.Build.0 = Release|Any CPU
		{43DD202B-B7FD-482F-8847-FFA5B0D1B349}.Release|x86.ActiveCfg = Release|Any CPU
		{43DD202B-B7FD-482F-8847-FFA5B0D1B349}.Release|x86.Build.0 = Release|Any CPU
	EndGlobalSection
	GlobalSection(SolutionProperties) = preSolution
		HideSolutionNode = FALSE
	EndGlobalSection
	GlobalSection(ExtensibilityGlobals) = postSolution
		SolutionGuid = {31F3FDD3-DE10-40C2-B7B0-D3341FAD3308}
	EndGlobalSection
EndGlobal
