
Microsoft Visual Studio Solution File, Format Version 12.00
# Visual Studio 15
VisualStudioVersion = 15.0.26730.12
MinimumVisualStudioVersion = 15.0.26124.0
Project("{9A19103F-16F7-4668-BE54-9A1E7A4F7556}") = "UUAC.DataAccess.Mysql", "UUAC.DataAccess.Mysql\UUAC.DataAccess.Mysql.csproj", "{4AD27029-20A6-46CC-A0D9-38C7C88189D4}"
EndProject
Project("{9A19103F-16F7-4668-BE54-9A1E7A4F7556}") = "UUAC.Common", "UUAC.Common\UUAC.Common.csproj", "{E521D218-19D3-47EA-8BF3-330743125D0C}"
EndProject
Project("{9A19103F-16F7-4668-BE54-9A1E7A4F7556}") = "UUAC.Business", "UUAC.Business\UUAC.Business.csproj", "{9045D9E3-BF04-479E-AEC7-4FE442A977DB}"
EndProject
Project("{9A19103F-16F7-4668-BE54-9A1E7A4F7556}") = "UUAC.Entity", "UUAC.Entity\UUAC.Entity.csproj", "{B9D5D050-B246-4935-AD12-EA87E8E3E7EC}"
EndProject
Project("{9A19103F-16F7-4668-BE54-9A1E7A4F7556}") = "UUAC.Interface", "UUAC.Interface\UUAC.Interface.csproj", "{CB211BE7-30CB-4AB1-8B97-C6A9B78FCD70}"
EndProject
Project("{9A19103F-16F7-4668-BE54-9A1E7A4F7556}") = "UUAC.WebApp", "UUAC.WebApp\UUAC.WebApp.csproj", "{121D0CD7-B786-48FC-B0E5-DB48632FEB80}"
EndProject
Project("{9A19103F-16F7-4668-BE54-9A1E7A4F7556}") = "Vulcan.DataAccess", "..\src\Vulcan.DataAccess\Vulcan.DataAccess.csproj", "{15C1CBAC-F5E7-4335-84DC-D7E9D7B6FD15}"
EndProject
Project("{9A19103F-16F7-4668-BE54-9A1E7A4F7556}") = "Vulcan.Core", "..\src\Vulcan.Core\Vulcan.Core.csproj", "{00445EA8-3C24-4F49-925C-F7A3F0202134}"
EndProject
Project("{9A19103F-16F7-4668-BE54-9A1E7A4F7556}") = "Vulcan.AspNetCoreMvc", "..\src\Vulcan.AspNetCoreMvc\Vulcan.AspNetCoreMvc.csproj", "{BEC2A55F-F88E-4DE9-B650-AB1E2C296B74}"
EndProject
Global
	GlobalSection(SolutionConfigurationPlatforms) = preSolution
		Debug|Any CPU = Debug|Any CPU
		Debug|x64 = Debug|x64
		Debug|x86 = Debug|x86
		Release|Any CPU = Release|Any CPU
		Release|x64 = Release|x64
		Release|x86 = Release|x86
	EndGlobalSection
	GlobalSection(ProjectConfigurationPlatforms) = postSolution
		{4AD27029-20A6-46CC-A0D9-38C7C88189D4}.Debug|Any CPU.ActiveCfg = Debug|Any CPU
		{4AD27029-20A6-46CC-A0D9-38C7C88189D4}.Debug|Any CPU.Build.0 = Debug|Any CPU
		{4AD27029-20A6-46CC-A0D9-38C7C88189D4}.Debug|x64.ActiveCfg = Debug|Any CPU
		{4AD27029-20A6-46CC-A0D9-38C7C88189D4}.Debug|x64.Build.0 = Debug|Any CPU
		{4AD27029-20A6-46CC-A0D9-38C7C88189D4}.Debug|x86.ActiveCfg = Debug|Any CPU
		{4AD27029-20A6-46CC-A0D9-38C7C88189D4}.Debug|x86.Build.0 = Debug|Any CPU
		{4AD27029-20A6-46CC-A0D9-38C7C88189D4}.Release|Any CPU.ActiveCfg = Release|Any CPU
		{4AD27029-20A6-46CC-A0D9-38C7C88189D4}.Release|Any CPU.Build.0 = Release|Any CPU
		{4AD27029-20A6-46CC-A0D9-38C7C88189D4}.Release|x64.ActiveCfg = Release|Any CPU
		{4AD27029-20A6-46CC-A0D9-38C7C88189D4}.Release|x64.Build.0 = Release|Any CPU
		{4AD27029-20A6-46CC-A0D9-38C7C88189D4}.Release|x86.ActiveCfg = Release|Any CPU
		{4AD27029-20A6-46CC-A0D9-38C7C88189D4}.Release|x86.Build.0 = Release|Any CPU
		{E521D218-19D3-47EA-8BF3-330743125D0C}.Debug|Any CPU.ActiveCfg = Debug|Any CPU
		{E521D218-19D3-47EA-8BF3-330743125D0C}.Debug|Any CPU.Build.0 = Debug|Any CPU
		{E521D218-19D3-47EA-8BF3-330743125D0C}.Debug|x64.ActiveCfg = Debug|Any CPU
		{E521D218-19D3-47EA-8BF3-330743125D0C}.Debug|x64.Build.0 = Debug|Any CPU
		{E521D218-19D3-47EA-8BF3-330743125D0C}.Debug|x86.ActiveCfg = Debug|Any CPU
		{E521D218-19D3-47EA-8BF3-330743125D0C}.Debug|x86.Build.0 = Debug|Any CPU
		{E521D218-19D3-47EA-8BF3-330743125D0C}.Release|Any CPU.ActiveCfg = Release|Any CPU
		{E521D218-19D3-47EA-8BF3-330743125D0C}.Release|Any CPU.Build.0 = Release|Any CPU
		{E521D218-19D3-47EA-8BF3-330743125D0C}.Release|x64.ActiveCfg = Release|Any CPU
		{E521D218-19D3-47EA-8BF3-330743125D0C}.Release|x64.Build.0 = Release|Any CPU
		{E521D218-19D3-47EA-8BF3-330743125D0C}.Release|x86.ActiveCfg = Release|Any CPU
		{E521D218-19D3-47EA-8BF3-330743125D0C}.Release|x86.Build.0 = Release|Any CPU
		{9045D9E3-BF04-479E-AEC7-4FE442A977DB}.Debug|Any CPU.ActiveCfg = Debug|Any CPU
		{9045D9E3-BF04-479E-AEC7-4FE442A977DB}.Debug|Any CPU.Build.0 = Debug|Any CPU
		{9045D9E3-BF04-479E-AEC7-4FE442A977DB}.Debug|x64.ActiveCfg = Debug|Any CPU
		{9045D9E3-BF04-479E-AEC7-4FE442A977DB}.Debug|x64.Build.0 = Debug|Any CPU
		{9045D9E3-BF04-479E-AEC7-4FE442A977DB}.Debug|x86.ActiveCfg = Debug|Any CPU
		{9045D9E3-BF04-479E-AEC7-4FE442A977DB}.Debug|x86.Build.0 = Debug|Any CPU
		{9045D9E3-BF04-479E-AEC7-4FE442A977DB}.Release|Any CPU.ActiveCfg = Release|Any CPU
		{9045D9E3-BF04-479E-AEC7-4FE442A977DB}.Release|Any CPU.Build.0 = Release|Any CPU
		{9045D9E3-BF04-479E-AEC7-4FE442A977DB}.Release|x64.ActiveCfg = Release|Any CPU
		{9045D9E3-BF04-479E-AEC7-4FE442A977DB}.Release|x64.Build.0 = Release|Any CPU
		{9045D9E3-BF04-479E-AEC7-4FE442A977DB}.Release|x86.ActiveCfg = Release|Any CPU
		{9045D9E3-BF04-479E-AEC7-4FE442A977DB}.Release|x86.Build.0 = Release|Any CPU
		{B9D5D050-B246-4935-AD12-EA87E8E3E7EC}.Debug|Any CPU.ActiveCfg = Debug|Any CPU
		{B9D5D050-B246-4935-AD12-EA87E8E3E7EC}.Debug|Any CPU.Build.0 = Debug|Any CPU
		{B9D5D050-B246-4935-AD12-EA87E8E3E7EC}.Debug|x64.ActiveCfg = Debug|Any CPU
		{B9D5D050-B246-4935-AD12-EA87E8E3E7EC}.Debug|x64.Build.0 = Debug|Any CPU
		{B9D5D050-B246-4935-AD12-EA87E8E3E7EC}.Debug|x86.ActiveCfg = Debug|Any CPU
		{B9D5D050-B246-4935-AD12-EA87E8E3E7EC}.Debug|x86.Build.0 = Debug|Any CPU
		{B9D5D050-B246-4935-AD12-EA87E8E3E7EC}.Release|Any CPU.ActiveCfg = Release|Any CPU
		{B9D5D050-B246-4935-AD12-EA87E8E3E7EC}.Release|Any CPU.Build.0 = Release|Any CPU
		{B9D5D050-B246-4935-AD12-EA87E8E3E7EC}.Release|x64.ActiveCfg = Release|Any CPU
		{B9D5D050-B246-4935-AD12-EA87E8E3E7EC}.Release|x64.Build.0 = Release|Any CPU
		{B9D5D050-B246-4935-AD12-EA87E8E3E7EC}.Release|x86.ActiveCfg = Release|Any CPU
		{B9D5D050-B246-4935-AD12-EA87E8E3E7EC}.Release|x86.Build.0 = Release|Any CPU
		{CB211BE7-30CB-4AB1-8B97-C6A9B78FCD70}.Debug|Any CPU.ActiveCfg = Debug|Any CPU
		{CB211BE7-30CB-4AB1-8B97-C6A9B78FCD70}.Debug|Any CPU.Build.0 = Debug|Any CPU
		{CB211BE7-30CB-4AB1-8B97-C6A9B78FCD70}.Debug|x64.ActiveCfg = Debug|Any CPU
		{CB211BE7-30CB-4AB1-8B97-C6A9B78FCD70}.Debug|x64.Build.0 = Debug|Any CPU
		{CB211BE7-30CB-4AB1-8B97-C6A9B78FCD70}.Debug|x86.ActiveCfg = Debug|Any CPU
		{CB211BE7-30CB-4AB1-8B97-C6A9B78FCD70}.Debug|x86.Build.0 = Debug|Any CPU
		{CB211BE7-30CB-4AB1-8B97-C6A9B78FCD70}.Release|Any CPU.ActiveCfg = Release|Any CPU
		{CB211BE7-30CB-4AB1-8B97-C6A9B78FCD70}.Release|Any CPU.Build.0 = Release|Any CPU
		{CB211BE7-30CB-4AB1-8B97-C6A9B78FCD70}.Release|x64.ActiveCfg = Release|Any CPU
		{CB211BE7-30CB-4AB1-8B97-C6A9B78FCD70}.Release|x64.Build.0 = Release|Any CPU
		{CB211BE7-30CB-4AB1-8B97-C6A9B78FCD70}.Release|x86.ActiveCfg = Release|Any CPU
		{CB211BE7-30CB-4AB1-8B97-C6A9B78FCD70}.Release|x86.Build.0 = Release|Any CPU
		{121D0CD7-B786-48FC-B0E5-DB48632FEB80}.Debug|Any CPU.ActiveCfg = Debug|Any CPU
		{121D0CD7-B786-48FC-B0E5-DB48632FEB80}.Debug|Any CPU.Build.0 = Debug|Any CPU
		{121D0CD7-B786-48FC-B0E5-DB48632FEB80}.Debug|x64.ActiveCfg = Debug|Any CPU
		{121D0CD7-B786-48FC-B0E5-DB48632FEB80}.Debug|x64.Build.0 = Debug|Any CPU
		{121D0CD7-B786-48FC-B0E5-DB48632FEB80}.Debug|x86.ActiveCfg = Debug|Any CPU
		{121D0CD7-B786-48FC-B0E5-DB48632FEB80}.Debug|x86.Build.0 = Debug|Any CPU
		{121D0CD7-B786-48FC-B0E5-DB48632FEB80}.Release|Any CPU.ActiveCfg = Release|Any CPU
		{121D0CD7-B786-48FC-B0E5-DB48632FEB80}.Release|Any CPU.Build.0 = Release|Any CPU
		{121D0CD7-B786-48FC-B0E5-DB48632FEB80}.Release|x64.ActiveCfg = Release|Any CPU
		{121D0CD7-B786-48FC-B0E5-DB48632FEB80}.Release|x64.Build.0 = Release|Any CPU
		{121D0CD7-B786-48FC-B0E5-DB48632FEB80}.Release|x86.ActiveCfg = Release|Any CPU
		{121D0CD7-B786-48FC-B0E5-DB48632FEB80}.Release|x86.Build.0 = Release|Any CPU
		{15C1CBAC-F5E7-4335-84DC-D7E9D7B6FD15}.Debug|Any CPU.ActiveCfg = Debug|Any CPU
		{15C1CBAC-F5E7-4335-84DC-D7E9D7B6FD15}.Debug|Any CPU.Build.0 = Debug|Any CPU
		{15C1CBAC-F5E7-4335-84DC-D7E9D7B6FD15}.Debug|x64.ActiveCfg = Debug|Any CPU
		{15C1CBAC-F5E7-4335-84DC-D7E9D7B6FD15}.Debug|x64.Build.0 = Debug|Any CPU
		{15C1CBAC-F5E7-4335-84DC-D7E9D7B6FD15}.Debug|x86.ActiveCfg = Debug|Any CPU
		{15C1CBAC-F5E7-4335-84DC-D7E9D7B6FD15}.Debug|x86.Build.0 = Debug|Any CPU
		{15C1CBAC-F5E7-4335-84DC-D7E9D7B6FD15}.Release|Any CPU.ActiveCfg = Release|Any CPU
		{15C1CBAC-F5E7-4335-84DC-D7E9D7B6FD15}.Release|Any CPU.Build.0 = Release|Any CPU
		{15C1CBAC-F5E7-4335-84DC-D7E9D7B6FD15}.Release|x64.ActiveCfg = Release|Any CPU
		{15C1CBAC-F5E7-4335-84DC-D7E9D7B6FD15}.Release|x64.Build.0 = Release|Any CPU
		{15C1CBAC-F5E7-4335-84DC-D7E9D7B6FD15}.Release|x86.ActiveCfg = Release|Any CPU
		{15C1CBAC-F5E7-4335-84DC-D7E9D7B6FD15}.Release|x86.Build.0 = Release|Any CPU
		{00445EA8-3C24-4F49-925C-F7A3F0202134}.Debug|Any CPU.ActiveCfg = Debug|Any CPU
		{00445EA8-3C24-4F49-925C-F7A3F0202134}.Debug|Any CPU.Build.0 = Debug|Any CPU
		{00445EA8-3C24-4F49-925C-F7A3F0202134}.Debug|x64.ActiveCfg = Debug|Any CPU
		{00445EA8-3C24-4F49-925C-F7A3F0202134}.Debug|x64.Build.0 = Debug|Any CPU
		{00445EA8-3C24-4F49-925C-F7A3F0202134}.Debug|x86.ActiveCfg = Debug|Any CPU
		{00445EA8-3C24-4F49-925C-F7A3F0202134}.Debug|x86.Build.0 = Debug|Any CPU
		{00445EA8-3C24-4F49-925C-F7A3F0202134}.Release|Any CPU.ActiveCfg = Release|Any CPU
		{00445EA8-3C24-4F49-925C-F7A3F0202134}.Release|Any CPU.Build.0 = Release|Any CPU
		{00445EA8-3C24-4F49-925C-F7A3F0202134}.Release|x64.ActiveCfg = Release|Any CPU
		{00445EA8-3C24-4F49-925C-F7A3F0202134}.Release|x64.Build.0 = Release|Any CPU
		{00445EA8-3C24-4F49-925C-F7A3F0202134}.Release|x86.ActiveCfg = Release|Any CPU
		{00445EA8-3C24-4F49-925C-F7A3F0202134}.Release|x86.Build.0 = Release|Any CPU
		{BEC2A55F-F88E-4DE9-B650-AB1E2C296B74}.Debug|Any CPU.ActiveCfg = Debug|Any CPU
		{BEC2A55F-F88E-4DE9-B650-AB1E2C296B74}.Debug|Any CPU.Build.0 = Debug|Any CPU
		{BEC2A55F-F88E-4DE9-B650-AB1E2C296B74}.Debug|x64.ActiveCfg = Debug|Any CPU
		{BEC2A55F-F88E-4DE9-B650-AB1E2C296B74}.Debug|x64.Build.0 = Debug|Any CPU
		{BEC2A55F-F88E-4DE9-B650-AB1E2C296B74}.Debug|x86.ActiveCfg = Debug|Any CPU
		{BEC2A55F-F88E-4DE9-B650-AB1E2C296B74}.Debug|x86.Build.0 = Debug|Any CPU
		{BEC2A55F-F88E-4DE9-B650-AB1E2C296B74}.Release|Any CPU.ActiveCfg = Release|Any CPU
		{BEC2A55F-F88E-4DE9-B650-AB1E2C296B74}.Release|Any CPU.Build.0 = Release|Any CPU
		{BEC2A55F-F88E-4DE9-B650-AB1E2C296B74}.Release|x64.ActiveCfg = Release|Any CPU
		{BEC2A55F-F88E-4DE9-B650-AB1E2C296B74}.Release|x64.Build.0 = Release|Any CPU
		{BEC2A55F-F88E-4DE9-B650-AB1E2C296B74}.Release|x86.ActiveCfg = Release|Any CPU
		{BEC2A55F-F88E-4DE9-B650-AB1E2C296B74}.Release|x86.Build.0 = Release|Any CPU
	EndGlobalSection
	GlobalSection(SolutionProperties) = preSolution
		HideSolutionNode = FALSE
	EndGlobalSection
	GlobalSection(ExtensibilityGlobals) = postSolution
		SolutionGuid = {BE1AB47F-20F9-4D2D-8E6A-2128CD655322}
	EndGlobalSection
EndGlobal
