
Microsoft Visual Studio Solution File, Format Version 12.00
# Visual Studio 2013
VisualStudioVersion = 12.0.31101.0
MinimumVisualStudioVersion = 10.0.40219.1
Project("{FAE04EC0-301F-11D3-BF4B-00C04F79EFBC}") = "Vulcan.AspNetMvc", "Vulcan.AspNetMvc\Vulcan.AspNetMvc.csproj", "{BC3D9E00-F366-46A1-9946-E24578BBCAC2}"
EndProject
Project("{FAE04EC0-301F-11D3-BF4B-00C04F79EFBC}") = "Vulcan.AspNetMvc.Sample", "Vulcan.AspNetMvc.Sample\Vulcan.AspNetMvc.Sample.csproj", "{7652E45F-3199-476E-83ED-7D48732E5713}"
EndProject
Global
	GlobalSection(SolutionConfigurationPlatforms) = preSolution
		Debug|Any CPU = Debug|Any CPU
		Release|Any CPU = Release|Any CPU
	EndGlobalSection
	GlobalSection(ProjectConfigurationPlatforms) = postSolution
		{BC3D9E00-F366-46A1-9946-E24578BBCAC2}.Debug|Any CPU.ActiveCfg = Debug|Any CPU
		{BC3D9E00-F366-46A1-9946-E24578BBCAC2}.Debug|Any CPU.Build.0 = Debug|Any CPU
		{BC3D9E00-F366-46A1-9946-E24578BBCAC2}.Release|Any CPU.ActiveCfg = Release|Any CPU
		{BC3D9E00-F366-46A1-9946-E24578BBCAC2}.Release|Any CPU.Build.0 = Release|Any CPU
		{7652E45F-3199-476E-83ED-7D48732E5713}.Debug|Any CPU.ActiveCfg = Debug|Any CPU
		{7652E45F-3199-476E-83ED-7D48732E5713}.Debug|Any CPU.Build.0 = Debug|Any CPU
		{7652E45F-3199-476E-83ED-7D48732E5713}.Release|Any CPU.ActiveCfg = Release|Any CPU
		{7652E45F-3199-476E-83ED-7D48732E5713}.Release|Any CPU.Build.0 = Release|Any CPU
	EndGlobalSection
	GlobalSection(SolutionProperties) = preSolution
		HideSolutionNode = FALSE
	EndGlobalSection
EndGlobal
