
Microsoft Visual Studio Solution File, Format Version 12.00
# Visual Studio 14
VisualStudioVersion = 14.0.25420.1
MinimumVisualStudioVersion = 10.0.40219.1
Project("{8BB2217D-0F2D-49D1-97BC-3654ED321F3B}") = "Vulcan.Core", "Vulcan.Core\Vulcan.Core.xproj", "{F1AF66E0-4EE4-4BC4-8A34-ACEA02FC4958}"
EndProject
Project("{8BB2217D-0F2D-49D1-97BC-3654ED321F3B}") = "Vulcan.AspNetCoreMvc", "Vulcan.AspNetCoreMvc\Vulcan.AspNetCoreMvc.xproj", "{ADBBD52A-1FAC-44AA-AF30-9D52405A0D1B}"
EndProject
Project("{8BB2217D-0F2D-49D1-97BC-3654ED321F3B}") = "Vulcan.DataAccess", "Vulcan.DataAccess\Vulcan.DataAccess.xproj", "{802140CB-EDAE-4655-97F4-20C61C73E413}"
EndProject
Project("{2150E333-8FDC-42A3-9474-1A3956D46DE8}") = "Tests", "Tests", "{6B0D460B-1770-4EFA-B94B-5BDC0B52C2A6}"
EndProject
Project("{8BB2217D-0F2D-49D1-97BC-3654ED321F3B}") = "Vulcan.DataAccess.Test", "..\test\Vulcan.DataAccess.Test\Vulcan.DataAccess.Test.xproj", "{31B5A84B-0D3C-4287-9A7C-074657C82D99}"
EndProject
Global
	GlobalSection(SolutionConfigurationPlatforms) = preSolution
		Debug|Any CPU = Debug|Any CPU
		Release|Any CPU = Release|Any CPU
	EndGlobalSection
	GlobalSection(ProjectConfigurationPlatforms) = postSolution
		{F1AF66E0-4EE4-4BC4-8A34-ACEA02FC4958}.Debug|Any CPU.ActiveCfg = Debug|Any CPU
		{F1AF66E0-4EE4-4BC4-8A34-ACEA02FC4958}.Debug|Any CPU.Build.0 = Debug|Any CPU
		{F1AF66E0-4EE4-4BC4-8A34-ACEA02FC4958}.Release|Any CPU.ActiveCfg = Release|Any CPU
		{F1AF66E0-4EE4-4BC4-8A34-ACEA02FC4958}.Release|Any CPU.Build.0 = Release|Any CPU
		{ADBBD52A-1FAC-44AA-AF30-9D52405A0D1B}.Debug|Any CPU.ActiveCfg = Debug|Any CPU
		{ADBBD52A-1FAC-44AA-AF30-9D52405A0D1B}.Debug|Any CPU.Build.0 = Debug|Any CPU
		{ADBBD52A-1FAC-44AA-AF30-9D52405A0D1B}.Release|Any CPU.ActiveCfg = Release|Any CPU
		{ADBBD52A-1FAC-44AA-AF30-9D52405A0D1B}.Release|Any CPU.Build.0 = Release|Any CPU
		{802140CB-EDAE-4655-97F4-20C61C73E413}.Debug|Any CPU.ActiveCfg = Debug|Any CPU
		{802140CB-EDAE-4655-97F4-20C61C73E413}.Debug|Any CPU.Build.0 = Debug|Any CPU
		{802140CB-EDAE-4655-97F4-20C61C73E413}.Release|Any CPU.ActiveCfg = Release|Any CPU
		{802140CB-EDAE-4655-97F4-20C61C73E413}.Release|Any CPU.Build.0 = Release|Any CPU
		{31B5A84B-0D3C-4287-9A7C-074657C82D99}.Debug|Any CPU.ActiveCfg = Debug|Any CPU
		{31B5A84B-0D3C-4287-9A7C-074657C82D99}.Debug|Any CPU.Build.0 = Debug|Any CPU
		{31B5A84B-0D3C-4287-9A7C-074657C82D99}.Release|Any CPU.ActiveCfg = Release|Any CPU
		{31B5A84B-0D3C-4287-9A7C-074657C82D99}.Release|Any CPU.Build.0 = Release|Any CPU
	EndGlobalSection
	GlobalSection(SolutionProperties) = preSolution
		HideSolutionNode = FALSE
	EndGlobalSection
	GlobalSection(NestedProjects) = preSolution
		{31B5A84B-0D3C-4287-9A7C-074657C82D99} = {6B0D460B-1770-4EFA-B94B-5BDC0B52C2A6}
	EndGlobalSection
EndGlobal
